// !$*UTF8*$!
{
	archiveVersion = 1;
	classes = {
	};
	objectVersion = 46;
	objects = {

/* Begin PBXBuildFile section */
		6C50B5961C6610E500DC9A7B /* AppDelegate.swift in Sources */ = {isa = PBXBuildFile; fileRef = 6C50B5951C6610E500DC9A7B /* AppDelegate.swift */; };
		6C50B5981C6610E500DC9A7B /* ViewController.swift in Sources */ = {isa = PBXBuildFile; fileRef = 6C50B5971C6610E500DC9A7B /* ViewController.swift */; };
		6C50B59B1C6610E500DC9A7B /* Main.storyboard in Resources */ = {isa = PBXBuildFile; fileRef = 6C50B5991C6610E500DC9A7B /* Main.storyboard */; };
		6C50B59D1C6610E500DC9A7B /* Assets.xcassets in Resources */ = {isa = PBXBuildFile; fileRef = 6C50B59C1C6610E500DC9A7B /* Assets.xcassets */; };
		6C50B5A01C6610E600DC9A7B /* LaunchScreen.storyboard in Resources */ = {isa = PBXBuildFile; fileRef = 6C50B59E1C6610E600DC9A7B /* LaunchScreen.storyboard */; };
		6C50B5AB1C6610E600DC9A7B /* WordListTests.swift in Sources */ = {isa = PBXBuildFile; fileRef = 6C50B5AA1C6610E600DC9A7B /* WordListTests.swift */; };
		6C50B5B61C6610E600DC9A7B /* WordListUITests.swift in Sources */ = {isa = PBXBuildFile; fileRef = 6C50B5B51C6610E600DC9A7B /* WordListUITests.swift */; };
		6C50B5CB1C66117100DC9A7B /* Default-568h@2x.png in Resources */ = {isa = PBXBuildFile; fileRef = 6C50B5C51C66117100DC9A7B /* Default-568h@2x.png */; };
		6C50B5CC1C66117100DC9A7B /* Default-667h@2x.png in Resources */ = {isa = PBXBuildFile; fileRef = 6C50B5C61C66117100DC9A7B /* Default-667h@2x.png */; };
		6C50B5CD1C66117100DC9A7B /* Default-736h@3x.png in Resources */ = {isa = PBXBuildFile; fileRef = 6C50B5C71C66117100DC9A7B /* Default-736h@3x.png */; };
		6C50B5CE1C66117100DC9A7B /* fin.png in Resources */ = {isa = PBXBuildFile; fileRef = 6C50B5C81C66117100DC9A7B /* fin.png */; };
		6C50B5CF1C66117100DC9A7B /* title_logo.png in Resources */ = {isa = PBXBuildFile; fileRef = 6C50B5C91C66117100DC9A7B /* title_logo.png */; };
		6C50B5D01C66117100DC9A7B /* word_blank.png in Resources */ = {isa = PBXBuildFile; fileRef = 6C50B5CA1C66117100DC9A7B /* word_blank.png */; };
		6C50B5D21C6619F500DC9A7B /* QuestionViewController.swift in Sources */ = {isa = PBXBuildFile; fileRef = 6C50B5D11C6619F500DC9A7B /* QuestionViewController.swift */; };
		6C50B5D41C661A1C00DC9A7B /* FinishViewController.swift in Sources */ = {isa = PBXBuildFile; fileRef = 6C50B5D31C661A1C00DC9A7B /* FinishViewController.swift */; };
		6C50B5D61C661A8D00DC9A7B /* ListTableViewController.swift in Sources */ = {isa = PBXBuildFile; fileRef = 6C50B5D51C661A8D00DC9A7B /* ListTableViewController.swift */; };
		6C50B5D81C661AC000DC9A7B /* AddViewController.swift in Sources */ = {isa = PBXBuildFile; fileRef = 6C50B5D71C661AC000DC9A7B /* AddViewController.swift */; };
		6C7C98CF1C76010D000106AB /* ListTableViewCell.swift in Sources */ = {isa = PBXBuildFile; fileRef = 6C7C98CD1C76010D000106AB /* ListTableViewCell.swift */; };
		6C7C98D01C76010D000106AB /* ListTableViewCell.xib in Resources */ = {isa = PBXBuildFile; fileRef = 6C7C98CE1C76010D000106AB /* ListTableViewCell.xib */; };
/* End PBXBuildFile section */

/* Begin PBXContainerItemProxy section */
		6C50B5A71C6610E600DC9A7B /* PBXContainerItemProxy */ = {
			isa = PBXContainerItemProxy;
			containerPortal = 6C50B58A1C6610E500DC9A7B /* Project object */;
			proxyType = 1;
			remoteGlobalIDString = 6C50B5911C6610E500DC9A7B;
			remoteInfo = WordList;
		};
		6C50B5B21C6610E600DC9A7B /* PBXContainerItemProxy */ = {
			isa = PBXContainerItemProxy;
			containerPortal = 6C50B58A1C6610E500DC9A7B /* Project object */;
			proxyType = 1;
			remoteGlobalIDString = 6C50B5911C6610E500DC9A7B;
			remoteInfo = WordList;
		};
/* End PBXContainerItemProxy section */

/* Begin PBXFileReference section */
		6C50B5921C6610E500DC9A7B /* WordList.app */ = {isa = PBXFileReference; explicitFileType = wrapper.application; includeInIndex = 0; path = WordList.app; sourceTree = BUILT_PRODUCTS_DIR; };
		6C50B5951C6610E500DC9A7B /* AppDelegate.swift */ = {isa = PBXFileReference; lastKnownFileType = sourcecode.swift; path = AppDelegate.swift; sourceTree = "<group>"; };
		6C50B5971C6610E500DC9A7B /* ViewController.swift */ = {isa = PBXFileReference; lastKnownFileType = sourcecode.swift; path = ViewController.swift; sourceTree = "<group>"; };
		6C50B59A1C6610E500DC9A7B /* Base */ = {isa = PBXFileReference; lastKnownFileType = file.storyboard; name = Base; path = Base.lproj/Main.storyboard; sourceTree = "<group>"; };
		6C50B59C1C6610E500DC9A7B /* Assets.xcassets */ = {isa = PBXFileReference; lastKnownFileType = folder.assetcatalog; path = Assets.xcassets; sourceTree = "<group>"; };
		6C50B59F1C6610E600DC9A7B /* Base */ = {isa = PBXFileReference; lastKnownFileType = file.storyboard; name = Base; path = Base.lproj/LaunchScreen.storyboard; sourceTree = "<group>"; };
		6C50B5A11C6610E600DC9A7B /* Info.plist */ = {isa = PBXFileReference; lastKnownFileType = text.plist.xml; path = Info.plist; sourceTree = "<group>"; };
		6C50B5A61C6610E600DC9A7B /* WordListTests.xctest */ = {isa = PBXFileReference; explicitFileType = wrapper.cfbundle; includeInIndex = 0; path = WordListTests.xctest; sourceTree = BUILT_PRODUCTS_DIR; };
		6C50B5AA1C6610E600DC9A7B /* WordListTests.swift */ = {isa = PBXFileReference; lastKnownFileType = sourcecode.swift; path = WordListTests.swift; sourceTree = "<group>"; };
		6C50B5AC1C6610E600DC9A7B /* Info.plist */ = {isa = PBXFileReference; lastKnownFileType = text.plist.xml; path = Info.plist; sourceTree = "<group>"; };
		6C50B5B11C6610E600DC9A7B /* WordListUITests.xctest */ = {isa = PBXFileReference; explicitFileType = wrapper.cfbundle; includeInIndex = 0; path = WordListUITests.xctest; sourceTree = BUILT_PRODUCTS_DIR; };
		6C50B5B51C6610E600DC9A7B /* WordListUITests.swift */ = {isa = PBXFileReference; lastKnownFileType = sourcecode.swift; path = WordListUITests.swift; sourceTree = "<group>"; };
		6C50B5B71C6610E600DC9A7B /* Info.plist */ = {isa = PBXFileReference; lastKnownFileType = text.plist.xml; path = Info.plist; sourceTree = "<group>"; };
		6C50B5C51C66117100DC9A7B /* Default-568h@2x.png */ = {isa = PBXFileReference; lastKnownFileType = image.png; path = "Default-568h@2x.png"; sourceTree = "<group>"; };
		6C50B5C61C66117100DC9A7B /* Default-667h@2x.png */ = {isa = PBXFileReference; lastKnownFileType = image.png; path = "Default-667h@2x.png"; sourceTree = "<group>"; };
		6C50B5C71C66117100DC9A7B /* Default-736h@3x.png */ = {isa = PBXFileReference; lastKnownFileType = image.png; path = "Default-736h@3x.png"; sourceTree = "<group>"; };
		6C50B5C81C66117100DC9A7B /* fin.png */ = {isa = PBXFileReference; lastKnownFileType = image.png; path = fin.png; sourceTree = "<group>"; };
		6C50B5C91C66117100DC9A7B /* title_logo.png */ = {isa = PBXFileReference; lastKnownFileType = image.png; path = title_logo.png; sourceTree = "<group>"; };
		6C50B5CA1C66117100DC9A7B /* word_blank.png */ = {isa = PBXFileReference; lastKnownFileType = image.png; path = word_blank.png; sourceTree = "<group>"; };
		6C50B5D11C6619F500DC9A7B /* QuestionViewController.swift */ = {isa = PBXFileReference; fileEncoding = 4; lastKnownFileType = sourcecode.swift; path = QuestionViewController.swift; sourceTree = "<group>"; };
		6C50B5D31C661A1C00DC9A7B /* FinishViewController.swift */ = {isa = PBXFileReference; fileEncoding = 4; lastKnownFileType = sourcecode.swift; path = FinishViewController.swift; sourceTree = "<group>"; };
		6C50B5D51C661A8D00DC9A7B /* ListTableViewController.swift */ = {isa = PBXFileReference; fileEncoding = 4; lastKnownFileType = sourcecode.swift; path = ListTableViewController.swift; sourceTree = "<group>"; };
		6C50B5D71C661AC000DC9A7B /* AddViewController.swift */ = {isa = PBXFileReference; fileEncoding = 4; lastKnownFileType = sourcecode.swift; path = AddViewController.swift; sourceTree = "<group>"; };
		6C7C98CD1C76010D000106AB /* ListTableViewCell.swift */ = {isa = PBXFileReference; fileEncoding = 4; lastKnownFileType = sourcecode.swift; name = ListTableViewCell.swift; path = ../ListTableViewCell.swift; sourceTree = "<group>"; };
		6C7C98CE1C76010D000106AB /* ListTableViewCell.xib */ = {isa = PBXFileReference; fileEncoding = 4; lastKnownFileType = file.xib; name = ListTableViewCell.xib; path = ../ListTableViewCell.xib; sourceTree = "<group>"; };
/* End PBXFileReference section */

/* Begin PBXFrameworksBuildPhase section */
		6C50B58F1C6610E500DC9A7B /* Frameworks */ = {
			isa = PBXFrameworksBuildPhase;
			buildActionMask = 2147483647;
			files = (
			);
			runOnlyForDeploymentPostprocessing = 0;
		};
		6C50B5A31C6610E600DC9A7B /* Frameworks */ = {
			isa = PBXFrameworksBuildPhase;
			buildActionMask = 2147483647;
			files = (
			);
			runOnlyForDeploymentPostprocessing = 0;
		};
		6C50B5AE1C6610E600DC9A7B /* Frameworks */ = {
			isa = PBXFrameworksBuildPhase;
			buildActionMask = 2147483647;
			files = (
			);
			runOnlyForDeploymentPostprocessing = 0;
		};
/* End PBXFrameworksBuildPhase section */

/* Begin PBXGroup section */
		6C50B5891C6610E500DC9A7B = {
			isa = PBXGroup;
			children = (
				6C50B5941C6610E500DC9A7B /* WordList */,
				6C50B5A91C6610E600DC9A7B /* WordListTests */,
				6C50B5B41C6610E600DC9A7B /* WordListUITests */,
				6C50B5931C6610E500DC9A7B /* Products */,
			);
			sourceTree = "<group>";
		};
		6C50B5931C6610E500DC9A7B /* Products */ = {
			isa = PBXGroup;
			children = (
				6C50B5921C6610E500DC9A7B /* WordList.app */,
				6C50B5A61C6610E600DC9A7B /* WordListTests.xctest */,
				6C50B5B11C6610E600DC9A7B /* WordListUITests.xctest */,
			);
			name = Products;
			sourceTree = "<group>";
		};
		6C50B5941C6610E500DC9A7B /* WordList */ = {
			isa = PBXGroup;
			children = (
				6C50B5C31C66117100DC9A7B /* WordList素材 */,
				6C50B5D11C6619F500DC9A7B /* QuestionViewController.swift */,
				6C50B5971C6610E500DC9A7B /* ViewController.swift */,
				6C50B5D31C661A1C00DC9A7B /* FinishViewController.swift */,
				6C50B5D51C661A8D00DC9A7B /* ListTableViewController.swift */,
				6C50B5D71C661AC000DC9A7B /* AddViewController.swift */,
				6C50B5951C6610E500DC9A7B /* AppDelegate.swift */,
				6C7C98CD1C76010D000106AB /* ListTableViewCell.swift */,
				6C7C98CE1C76010D000106AB /* ListTableViewCell.xib */,
				6C50B5991C6610E500DC9A7B /* Main.storyboard */,
				6C50B59C1C6610E500DC9A7B /* Assets.xcassets */,
				6C50B59E1C6610E600DC9A7B /* LaunchScreen.storyboard */,
				6C50B5A11C6610E600DC9A7B /* Info.plist */,
			);
			path = WordList;
			sourceTree = "<group>";
		};
		6C50B5A91C6610E600DC9A7B /* WordListTests */ = {
			isa = PBXGroup;
			children = (
				6C50B5AA1C6610E600DC9A7B /* WordListTests.swift */,
				6C50B5AC1C6610E600DC9A7B /* Info.plist */,
			);
			path = WordListTests;
			sourceTree = "<group>";
		};
		6C50B5B41C6610E600DC9A7B /* WordListUITests */ = {
			isa = PBXGroup;
			children = (
				6C50B5B51C6610E600DC9A7B /* WordListUITests.swift */,
				6C50B5B71C6610E600DC9A7B /* Info.plist */,
			);
			path = WordListUITests;
			sourceTree = "<group>";
		};
		6C50B5C31C66117100DC9A7B /* WordList素材 */ = {
			isa = PBXGroup;
			children = (
				6C50B5C41C66117100DC9A7B /* Defaults */,
				6C50B5C81C66117100DC9A7B /* fin.png */,
				6C50B5C91C66117100DC9A7B /* title_logo.png */,
				6C50B5CA1C66117100DC9A7B /* word_blank.png */,
			);
			path = "WordList素材";
			sourceTree = "<group>";
		};
		6C50B5C41C66117100DC9A7B /* Defaults */ = {
			isa = PBXGroup;
			children = (
				6C50B5C51C66117100DC9A7B /* Default-568h@2x.png */,
				6C50B5C61C66117100DC9A7B /* Default-667h@2x.png */,
				6C50B5C71C66117100DC9A7B /* Default-736h@3x.png */,
			);
			path = Defaults;
			sourceTree = "<group>";
		};
/* End PBXGroup section */

/* Begin PBXNativeTarget section */
		6C50B5911C6610E500DC9A7B /* WordList */ = {
			isa = PBXNativeTarget;
			buildConfigurationList = 6C50B5BA1C6610E600DC9A7B /* Build configuration list for PBXNativeTarget "WordList" */;
			buildPhases = (
				6C50B58E1C6610E500DC9A7B /* Sources */,
				6C50B58F1C6610E500DC9A7B /* Frameworks */,
				6C50B5901C6610E500DC9A7B /* Resources */,
			);
			buildRules = (
			);
			dependencies = (
			);
			name = WordList;
			productName = WordList;
			productReference = 6C50B5921C6610E500DC9A7B /* WordList.app */;
			productType = "com.apple.product-type.application";
		};
		6C50B5A51C6610E600DC9A7B /* WordListTests */ = {
			isa = PBXNativeTarget;
			buildConfigurationList = 6C50B5BD1C6610E600DC9A7B /* Build configuration list for PBXNativeTarget "WordListTests" */;
			buildPhases = (
				6C50B5A21C6610E600DC9A7B /* Sources */,
				6C50B5A31C6610E600DC9A7B /* Frameworks */,
				6C50B5A41C6610E600DC9A7B /* Resources */,
			);
			buildRules = (
			);
			dependencies = (
				6C50B5A81C6610E600DC9A7B /* PBXTargetDependency */,
			);
			name = WordListTests;
			productName = WordListTests;
			productReference = 6C50B5A61C6610E600DC9A7B /* WordListTests.xctest */;
			productType = "com.apple.product-type.bundle.unit-test";
		};
		6C50B5B01C6610E600DC9A7B /* WordListUITests */ = {
			isa = PBXNativeTarget;
			buildConfigurationList = 6C50B5C01C6610E600DC9A7B /* Build configuration list for PBXNativeTarget "WordListUITests" */;
			buildPhases = (
				6C50B5AD1C6610E600DC9A7B /* Sources */,
				6C50B5AE1C6610E600DC9A7B /* Frameworks */,
				6C50B5AF1C6610E600DC9A7B /* Resources */,
			);
			buildRules = (
			);
			dependencies = (
				6C50B5B31C6610E600DC9A7B /* PBXTargetDependency */,
			);
			name = WordListUITests;
			productName = WordListUITests;
			productReference = 6C50B5B11C6610E600DC9A7B /* WordListUITests.xctest */;
			productType = "com.apple.product-type.bundle.ui-testing";
		};
/* End PBXNativeTarget section */

/* Begin PBXProject section */
		6C50B58A1C6610E500DC9A7B /* Project object */ = {
			isa = PBXProject;
			attributes = {
				LastSwiftUpdateCheck = 0720;
				LastUpgradeCheck = 0720;
				ORGANIZATIONNAME = "共田 恭輔";
				TargetAttributes = {
					6C50B5911C6610E500DC9A7B = {
						CreatedOnToolsVersion = 7.2;
					};
					6C50B5A51C6610E600DC9A7B = {
						CreatedOnToolsVersion = 7.2;
						TestTargetID = 6C50B5911C6610E500DC9A7B;
					};
					6C50B5B01C6610E600DC9A7B = {
						CreatedOnToolsVersion = 7.2;
						TestTargetID = 6C50B5911C6610E500DC9A7B;
					};
				};
			};
			buildConfigurationList = 6C50B58D1C6610E500DC9A7B /* Build configuration list for PBXProject "WordList" */;
			compatibilityVersion = "Xcode 3.2";
			developmentRegion = English;
			hasScannedForEncodings = 0;
			knownRegions = (
				en,
				Base,
			);
			mainGroup = 6C50B5891C6610E500DC9A7B;
			productRefGroup = 6C50B5931C6610E500DC9A7B /* Products */;
			projectDirPath = "";
			projectRoot = "";
			targets = (
				6C50B5911C6610E500DC9A7B /* WordList */,
				6C50B5A51C6610E600DC9A7B /* WordListTests */,
				6C50B5B01C6610E600DC9A7B /* WordListUITests */,
			);
		};
/* End PBXProject section */

/* Begin PBXResourcesBuildPhase section */
		6C50B5901C6610E500DC9A7B /* Resources */ = {
			isa = PBXResourcesBuildPhase;
			buildActionMask = 2147483647;
			files = (
				6C50B5A01C6610E600DC9A7B /* LaunchScreen.storyboard in Resources */,
				6C50B5CE1C66117100DC9A7B /* fin.png in Resources */,
				6C50B5CB1C66117100DC9A7B /* Default-568h@2x.png in Resources */,
				6C50B5CF1C66117100DC9A7B /* title_logo.png in Resources */,
				6C50B59D1C6610E500DC9A7B /* Assets.xcassets in Resources */,
				6C50B5D01C66117100DC9A7B /* word_blank.png in Resources */,
				6C50B59B1C6610E500DC9A7B /* Main.storyboard in Resources */,
				6C50B5CC1C66117100DC9A7B /* Default-667h@2x.png in Resources */,
				6C50B5CD1C66117100DC9A7B /* Default-736h@3x.png in Resources */,
				6C7C98D01C76010D000106AB /* ListTableViewCell.xib in Resources */,
			);
			runOnlyForDeploymentPostprocessing = 0;
		};
		6C50B5A41C6610E600DC9A7B /* Resources */ = {
			isa = PBXResourcesBuildPhase;
			buildActionMask = 2147483647;
			files = (
			);
			runOnlyForDeploymentPostprocessing = 0;
		};
		6C50B5AF1C6610E600DC9A7B /* Resources */ = {
			isa = PBXResourcesBuildPhase;
			buildActionMask = 2147483647;
			files = (
			);
			runOnlyForDeploymentPostprocessing = 0;
		};
/* End PBXResourcesBuildPhase section */

/* Begin PBXSourcesBuildPhase section */
		6C50B58E1C6610E500DC9A7B /* Sources */ = {
			isa = PBXSourcesBuildPhase;
			buildActionMask = 2147483647;
			files = (
				6C7C98CF1C76010D000106AB /* ListTableViewCell.swift in Sources */,
				6C50B5981C6610E500DC9A7B /* ViewController.swift in Sources */,
				6C50B5D41C661A1C00DC9A7B /* FinishViewController.swift in Sources */,
				6C50B5D81C661AC000DC9A7B /* AddViewController.swift in Sources */,
				6C50B5961C6610E500DC9A7B /* AppDelegate.swift in Sources */,
				6C50B5D61C661A8D00DC9A7B /* ListTableViewController.swift in Sources */,
				6C50B5D21C6619F500DC9A7B /* QuestionViewController.swift in Sources */,
			);
			runOnlyForDeploymentPostprocessing = 0;
		};
		6C50B5A21C6610E600DC9A7B /* Sources */ = {
			isa = PBXSourcesBuildPhase;
			buildActionMask = 2147483647;
			files = (
				6C50B5AB1C6610E600DC9A7B /* WordListTests.swift in Sources */,
			);
			runOnlyForDeploymentPostprocessing = 0;
		};
		6C50B5AD1C6610E600DC9A7B /* Sources */ = {
			isa = PBXSourcesBuildPhase;
			buildActionMask = 2147483647;
			files = (
				6C50B5B61C6610E600DC9A7B /* WordListUITests.swift in Sources */,
			);
			runOnlyForDeploymentPostprocessing = 0;
		};
/* End PBXSourcesBuildPhase section */

/* Begin PBXTargetDependency section */
		6C50B5A81C6610E600DC9A7B /* PBXTargetDependency */ = {
			isa = PBXTargetDependency;
			target = 6C50B5911C6610E500DC9A7B /* WordList */;
			targetProxy = 6C50B5A71C6610E600DC9A7B /* PBXContainerItemProxy */;
		};
		6C50B5B31C6610E600DC9A7B /* PBXTargetDependency */ = {
			isa = PBXTargetDependency;
			target = 6C50B5911C6610E500DC9A7B /* WordList */;
			targetProxy = 6C50B5B21C6610E600DC9A7B /* PBXContainerItemProxy */;
		};
/* End PBXTargetDependency section */

/* Begin PBXVariantGroup section */
		6C50B5991C6610E500DC9A7B /* Main.storyboard */ = {
			isa = PBXVariantGroup;
			children = (
				6C50B59A1C6610E500DC9A7B /* Base */,
			);
			name = Main.storyboard;
			sourceTree = "<group>";
		};
		6C50B59E1C6610E600DC9A7B /* LaunchScreen.storyboard */ = {
			isa = PBXVariantGroup;
			children = (
				6C50B59F1C6610E600DC9A7B /* Base */,
			);
			name = LaunchScreen.storyboard;
			sourceTree = "<group>";
		};
/* End PBXVariantGroup section */

/* Begin XCBuildConfiguration section */
		6C50B5B81C6610E600DC9A7B /* Debug */ = {
			isa = XCBuildConfiguration;
			buildSettings = {
				ALWAYS_SEARCH_USER_PATHS = NO;
				CLANG_CXX_LANGUAGE_STANDARD = "gnu++0x";
				CLANG_CXX_LIBRARY = "libc++";
				CLANG_ENABLE_MODULES = YES;
				CLANG_ENABLE_OBJC_ARC = YES;
				CLANG_WARN_BOOL_CONVERSION = YES;
				CLANG_WARN_CONSTANT_CONVERSION = YES;
				CLANG_WARN_DIRECT_OBJC_ISA_USAGE = YES_ERROR;
				CLANG_WARN_EMPTY_BODY = YES;
				CLANG_WARN_ENUM_CONVERSION = YES;
				CLANG_WARN_INT_CONVERSION = YES;
				CLANG_WARN_OBJC_ROOT_CLASS = YES_ERROR;
				CLANG_WARN_UNREACHABLE_CODE = YES;
				CLANG_WARN__DUPLICATE_METHOD_MATCH = YES;
				"CODE_SIGN_IDENTITY[sdk=iphoneos*]" = "iPhone Developer";
				COPY_PHASE_STRIP = NO;
				DEBUG_INFORMATION_FORMAT = dwarf;
				ENABLE_STRICT_OBJC_MSGSEND = YES;
				ENABLE_TESTABILITY = YES;
				GCC_C_LANGUAGE_STANDARD = gnu99;
				GCC_DYNAMIC_NO_PIC = NO;
				GCC_NO_COMMON_BLOCKS = YES;
				GCC_OPTIMIZATION_LEVEL = 0;
				GCC_PREPROCESSOR_DEFINITIONS = (
					"DEBUG=1",
					"$(inherited)",
				);
				GCC_WARN_64_TO_32_BIT_CONVERSION = YES;
				GCC_WARN_ABOUT_RETURN_TYPE = YES_ERROR;
				GCC_WARN_UNDECLARED_SELECTOR = YES;
				GCC_WARN_UNINITIALIZED_AUTOS = YES_AGGRESSIVE;
				GCC_WARN_UNUSED_FUNCTION = YES;
				GCC_WARN_UNUSED_VARIABLE = YES;
				IPHONEOS_DEPLOYMENT_TARGET = 9.2;
				MTL_ENABLE_DEBUG_INFO = YES;
				ONLY_ACTIVE_ARCH = YES;
				SDKROOT = iphoneos;
				SWIFT_OPTIMIZATION_LEVEL = "-Onone";
			};
			name = Debug;
		};
		6C50B5B91C6610E600DC9A7B /* Release */ = {
			isa = XCBuildConfiguration;
			buildSettings = {
				ALWAYS_SEARCH_USER_PATHS = NO;
				CLANG_CXX_LANGUAGE_STANDARD = "gnu++0x";
				CLANG_CXX_LIBRARY = "libc++";
				CLANG_ENABLE_MODULES = YES;
				CLANG_ENABLE_OBJC_ARC = YES;
				CLANG_WARN_BOOL_CONVERSION = YES;
				CLANG_WARN_CONSTANT_CONVERSION = YES;
				CLANG_WARN_DIRECT_OBJC_ISA_USAGE = YES_ERROR;
				CLANG_WARN_EMPTY_BODY = YES;
				CLANG_WARN_ENUM_CONVERSION = YES;
				CLANG_WARN_INT_CONVERSION = YES;
				CLANG_WARN_OBJC_ROOT_CLASS = YES_ERROR;
				CLANG_WARN_UNREACHABLE_CODE = YES;
				CLANG_WARN__DUPLICATE_METHOD_MATCH = YES;
				"CODE_SIGN_IDENTITY[sdk=iphoneos*]" = "iPhone Developer";
				COPY_PHASE_STRIP = NO;
				DEBUG_INFORMATION_FORMAT = "dwarf-with-dsym";
				ENABLE_NS_ASSERTIONS = NO;
				ENABLE_STRICT_OBJC_MSGSEND = YES;
				GCC_C_LANGUAGE_STANDARD = gnu99;
				GCC_NO_COMMON_BLOCKS = YES;
				GCC_WARN_64_TO_32_BIT_CONVERSION = YES;
				GCC_WARN_ABOUT_RETURN_TYPE = YES_ERROR;
				GCC_WARN_UNDECLARED_SELECTOR = YES;
				GCC_WARN_UNINITIALIZED_AUTOS = YES_AGGRESSIVE;
				GCC_WARN_UNUSED_FUNCTION = YES;
				GCC_WARN_UNUSED_VARIABLE = YES;
				IPHONEOS_DEPLOYMENT_TARGET = 9.2;
				MTL_ENABLE_DEBUG_INFO = NO;
				SDKROOT = iphoneos;
				VALIDATE_PRODUCT = YES;
			};
			name = Release;
		};
		6C50B5BB1C6610E600DC9A7B /* Debug */ = {
			isa = XCBuildConfiguration;
			buildSettings = {
				ASSETCATALOG_COMPILER_APPICON_NAME = AppIcon;
				INFOPLIST_FILE = WordList/Info.plist;
				LD_RUNPATH_SEARCH_PATHS = "$(inherited) @executable_path/Frameworks";
				PRODUCT_BUNDLE_IDENTIFIER = Ray.WordList;
				PRODUCT_NAME = "$(TARGET_NAME)";
			};
			name = Debug;
		};
		6C50B5BC1C6610E600DC9A7B /* Release */ = {
			isa = XCBuildConfiguration;
			buildSettings = {
				ASSETCATALOG_COMPILER_APPICON_NAME = AppIcon;
				INFOPLIST_FILE = WordList/Info.plist;
				LD_RUNPATH_SEARCH_PATHS = "$(inherited) @executable_path/Frameworks";
				PRODUCT_BUNDLE_IDENTIFIER = Ray.WordList;
				PRODUCT_NAME = "$(TARGET_NAME)";
			};
			name = Release;
		};
		6C50B5BE1C6610E600DC9A7B /* Debug */ = {
			isa = XCBuildConfiguration;
			buildSettings = {
				BUNDLE_LOADER = "$(TEST_HOST)";
				INFOPLIST_FILE = WordListTests/Info.plist;
				LD_RUNPATH_SEARCH_PATHS = "$(inherited) @executable_path/Frameworks @loader_path/Frameworks";
				PRODUCT_BUNDLE_IDENTIFIER = Ray.WordListTests;
				PRODUCT_NAME = "$(TARGET_NAME)";
				TEST_HOST = "$(BUILT_PRODUCTS_DIR)/WordList.app/WordList";
			};
			name = Debug;
		};
		6C50B5BF1C6610E600DC9A7B /* Release */ = {
			isa = XCBuildConfiguration;
			buildSettings = {
				BUNDLE_LOADER = "$(TEST_HOST)";
				INFOPLIST_FILE = WordListTests/Info.plist;
				LD_RUNPATH_SEARCH_PATHS = "$(inherited) @executable_path/Frameworks @loader_path/Frameworks";
				PRODUCT_BUNDLE_IDENTIFIER = Ray.WordListTests;
				PRODUCT_NAME = "$(TARGET_NAME)";
				TEST_HOST = "$(BUILT_PRODUCTS_DIR)/WordList.app/WordList";
			};
			name = Release;
		};
		6C50B5C11C6610E600DC9A7B /* Debug */ = {
			isa = XCBuildConfiguration;
			buildSettings = {
				INFOPLIST_FILE = WordListUITests/Info.plist;
				LD_RUNPATH_SEARCH_PATHS = "$(inherited) @executable_path/Frameworks @loader_path/Frameworks";
				PRODUCT_BUNDLE_IDENTIFIER = Ray.WordListUITests;
				PRODUCT_NAME = "$(TARGET_NAME)";
				TEST_TARGET_NAME = WordList;
				USES_XCTRUNNER = YES;
			};
			name = Debug;
		};
		6C50B5C21C6610E600DC9A7B /* Release */ = {
			isa = XCBuildConfiguration;
			buildSettings = {
				INFOPLIST_FILE = WordListUITests/Info.plist;
				LD_RUNPATH_SEARCH_PATHS = "$(inherited) @executable_path/Frameworks @loader_path/Frameworks";
				PRODUCT_BUNDLE_IDENTIFIER = Ray.WordListUITests;
				PRODUCT_NAME = "$(TARGET_NAME)";
				TEST_TARGET_NAME = WordList;
				USES_XCTRUNNER = YES;
			};
			name = Release;
		};
/* End XCBuildConfiguration section */

/* Begin XCConfigurationList section */
		6C50B58D1C6610E500DC9A7B /* Build configuration list for PBXProject "WordList" */ = {
			isa = XCConfigurationList;
			buildConfigurations = (
				6C50B5B81C6610E600DC9A7B /* Debug */,
				6C50B5B91C6610E600DC9A7B /* Release */,
			);
			defaultConfigurationIsVisible = 0;
			defaultConfigurationName = Release;
		};
		6C50B5BA1C6610E600DC9A7B /* Build configuration list for PBXNativeTarget "WordList" */ = {
			isa = XCConfigurationList;
			buildConfigurations = (
				6C50B5BB1C6610E600DC9A7B /* Debug */,
				6C50B5BC1C6610E600DC9A7B /* Release */,
			);
			defaultConfigurationIsVisible = 0;
			defaultConfigurationName = Release;
		};
		6C50B5BD1C6610E600DC9A7B /* Build configuration list for PBXNativeTarget "WordListTests" */ = {
			isa = XCConfigurationList;
			buildConfigurations = (
				6C50B5BE1C6610E600DC9A7B /* Debug */,
				6C50B5BF1C6610E600DC9A7B /* Release */,
			);
			defaultConfigurationIsVisible = 0;
			defaultConfigurationName = Release;
		};
		6C50B5C01C6610E600DC9A7B /* Build configuration list for PBXNativeTarget "WordListUITests" */ = {
			isa = XCConfigurationList;
			buildConfigurations = (
				6C50B5C11C6610E600DC9A7B /* Debug */,
				6C50B5C21C6610E600DC9A7B /* Release */,
			);
			defaultConfigurationIsVisible = 0;
			defaultConfigurationName = Release;
		};
/* End XCConfigurationList section */
	};
	rootObject = 6C50B58A1C6610E500DC9A7B /* Project object */;
}
